// !$*UTF8*$!
{
	archiveVersion = 1;
	classes = {
	};
	objectVersion = 46;
	objects = {

/* Begin PBXBuildFile section */
		4D2577DB1D8AF7C300B9D97F /* AppDelegate.swift in Sources */ = {isa = PBXBuildFile; fileRef = 4D2577DA1D8AF7C300B9D97F /* AppDelegate.swift */; };
		4D2577DD1D8AF7C300B9D97F /* RootViewController.swift in Sources */ = {isa = PBXBuildFile; fileRef = 4D2577DC1D8AF7C300B9D97F /* RootViewController.swift */; };
		4D2577DF1D8AF7C300B9D97F /* DataViewController.swift in Sources */ = {isa = PBXBuildFile; fileRef = 4D2577DE1D8AF7C300B9D97F /* DataViewController.swift */; };
		4D2577E11D8AF7C300B9D97F /* ModelController.swift in Sources */ = {isa = PBXBuildFile; fileRef = 4D2577E01D8AF7C300B9D97F /* ModelController.swift */; };
		4D2577E41D8AF7C300B9D97F /* Main.storyboard in Resources */ = {isa = PBXBuildFile; fileRef = 4D2577E21D8AF7C300B9D97F /* Main.storyboard */; };
		4D2577E61D8AF7C300B9D97F /* Assets.xcassets in Resources */ = {isa = PBXBuildFile; fileRef = 4D2577E51D8AF7C300B9D97F /* Assets.xcassets */; };
		4D2577E91D8AF7C300B9D97F /* LaunchScreen.storyboard in Resources */ = {isa = PBXBuildFile; fileRef = 4D2577E71D8AF7C300B9D97F /* LaunchScreen.storyboard */; };
		4D2577F11D8AF9E300B9D97F /* testfile.swift in Sources */ = {isa = PBXBuildFile; fileRef = 4D2577F01D8AF9E300B9D97F /* testfile.swift */; };
		4D2577F31D8C1A3A00B9D97F /* FSAPIClient.swift in Sources */ = {isa = PBXBuildFile; fileRef = 4D2577F21D8C1A3A00B9D97F /* FSAPIClient.swift */; };
		4D2577F51D8C1C7800B9D97F /* FSDataStore.swift in Sources */ = {isa = PBXBuildFile; fileRef = 4D2577F41D8C1C7800B9D97F /* FSDataStore.swift */; };
		4D2577F71D8C1C9E00B9D97F /* FSFroyoData.swift in Sources */ = {isa = PBXBuildFile; fileRef = 4D2577F61D8C1C9E00B9D97F /* FSFroyoData.swift */; };
		97C69AA41C9FCAE443AA15A3 /* Pods_FindYoFroYo.framework in Frameworks */ = {isa = PBXBuildFile; fileRef = 5EAE05D3482FEC78ED22E115 /* Pods_FindYoFroYo.framework */; };
/* End PBXBuildFile section */

/* Begin PBXFileReference section */
		4D2577D71D8AF7C300B9D97F /* FindYoFroYo.app */ = {isa = PBXFileReference; explicitFileType = wrapper.application; includeInIndex = 0; path = FindYoFroYo.app; sourceTree = BUILT_PRODUCTS_DIR; };
		4D2577DA1D8AF7C300B9D97F /* AppDelegate.swift */ = {isa = PBXFileReference; lastKnownFileType = sourcecode.swift; path = AppDelegate.swift; sourceTree = "<group>"; };
		4D2577DC1D8AF7C300B9D97F /* RootViewController.swift */ = {isa = PBXFileReference; lastKnownFileType = sourcecode.swift; path = RootViewController.swift; sourceTree = "<group>"; };
		4D2577DE1D8AF7C300B9D97F /* DataViewController.swift */ = {isa = PBXFileReference; lastKnownFileType = sourcecode.swift; path = DataViewController.swift; sourceTree = "<group>"; };
		4D2577E01D8AF7C300B9D97F /* ModelController.swift */ = {isa = PBXFileReference; lastKnownFileType = sourcecode.swift; path = ModelController.swift; sourceTree = "<group>"; };
		4D2577E31D8AF7C300B9D97F /* Base */ = {isa = PBXFileReference; lastKnownFileType = file.storyboard; name = Base; path = Base.lproj/Main.storyboard; sourceTree = "<group>"; };
		4D2577E51D8AF7C300B9D97F /* Assets.xcassets */ = {isa = PBXFileReference; lastKnownFileType = folder.assetcatalog; path = Assets.xcassets; sourceTree = "<group>"; };
		4D2577E81D8AF7C300B9D97F /* Base */ = {isa = PBXFileReference; lastKnownFileType = file.storyboard; name = Base; path = Base.lproj/LaunchScreen.storyboard; sourceTree = "<group>"; };
		4D2577EA1D8AF7C300B9D97F /* Info.plist */ = {isa = PBXFileReference; lastKnownFileType = text.plist.xml; path = Info.plist; sourceTree = "<group>"; };
		4D2577F01D8AF9E300B9D97F /* testfile.swift */ = {isa = PBXFileReference; fileEncoding = 4; lastKnownFileType = sourcecode.swift; path = testfile.swift; sourceTree = "<group>"; };
		4D2577F21D8C1A3A00B9D97F /* FSAPIClient.swift */ = {isa = PBXFileReference; fileEncoding = 4; lastKnownFileType = sourcecode.swift; path = FSAPIClient.swift; sourceTree = "<group>"; };
		4D2577F41D8C1C7800B9D97F /* FSDataStore.swift */ = {isa = PBXFileReference; fileEncoding = 4; lastKnownFileType = sourcecode.swift; path = FSDataStore.swift; sourceTree = "<group>"; };
		4D2577F61D8C1C9E00B9D97F /* FSFroyoData.swift */ = {isa = PBXFileReference; fileEncoding = 4; lastKnownFileType = sourcecode.swift; path = FSFroyoData.swift; sourceTree = "<group>"; };
		4EF227E90F3EB0EB80DC8C53 /* Pods-FindYoFroYo.debug.xcconfig */ = {isa = PBXFileReference; includeInIndex = 1; lastKnownFileType = text.xcconfig; name = "Pods-FindYoFroYo.debug.xcconfig"; path = "Pods/Target Support Files/Pods-FindYoFroYo/Pods-FindYoFroYo.debug.xcconfig"; sourceTree = "<group>"; };
		54EAB18F39A9D2D497FBC82D /* Pods-FindYoFroYo.release.xcconfig */ = {isa = PBXFileReference; includeInIndex = 1; lastKnownFileType = text.xcconfig; name = "Pods-FindYoFroYo.release.xcconfig"; path = "Pods/Target Support Files/Pods-FindYoFroYo/Pods-FindYoFroYo.release.xcconfig"; sourceTree = "<group>"; };
		5EAE05D3482FEC78ED22E115 /* Pods_FindYoFroYo.framework */ = {isa = PBXFileReference; explicitFileType = wrapper.framework; includeInIndex = 0; path = Pods_FindYoFroYo.framework; sourceTree = BUILT_PRODUCTS_DIR; };
/* End PBXFileReference section */

/* Begin PBXFrameworksBuildPhase section */
		4D2577D41D8AF7C300B9D97F /* Frameworks */ = {
			isa = PBXFrameworksBuildPhase;
			buildActionMask = 2147483647;
			files = (
				97C69AA41C9FCAE443AA15A3 /* Pods_FindYoFroYo.framework in Frameworks */,
			);
			runOnlyForDeploymentPostprocessing = 0;
		};
/* End PBXFrameworksBuildPhase section */

/* Begin PBXGroup section */
		4D2577CE1D8AF7C300B9D97F = {
			isa = PBXGroup;
			children = (
				4D2577F01D8AF9E300B9D97F /* testfile.swift */,
				4D2577D91D8AF7C300B9D97F /* FindYoFroYo */,
				4D2577D81D8AF7C300B9D97F /* Products */,
				C26D6D6F97097D60C25B4951 /* Pods */,
				504EFA45DB37E4F94209F668 /* Frameworks */,
			);
			sourceTree = "<group>";
		};
		4D2577D81D8AF7C300B9D97F /* Products */ = {
			isa = PBXGroup;
			children = (
				4D2577D71D8AF7C300B9D97F /* FindYoFroYo.app */,
			);
			name = Products;
			sourceTree = "<group>";
		};
		4D2577D91D8AF7C300B9D97F /* FindYoFroYo */ = {
			isa = PBXGroup;
			children = (
				4D2577DA1D8AF7C300B9D97F /* AppDelegate.swift */,
				4D2577DC1D8AF7C300B9D97F /* RootViewController.swift */,
				4D2577DE1D8AF7C300B9D97F /* DataViewController.swift */,
				4D2577E01D8AF7C300B9D97F /* ModelController.swift */,
				4D2577E21D8AF7C300B9D97F /* Main.storyboard */,
				4D2577E51D8AF7C300B9D97F /* Assets.xcassets */,
				4D2577E71D8AF7C300B9D97F /* LaunchScreen.storyboard */,
				4D2577EA1D8AF7C300B9D97F /* Info.plist */,
				4D2577F21D8C1A3A00B9D97F /* FSAPIClient.swift */,
				4D2577F61D8C1C9E00B9D97F /* FSFroyoData.swift */,
				4D2577F41D8C1C7800B9D97F /* FSDataStore.swift */,
			);
			path = FindYoFroYo;
			sourceTree = "<group>";
		};
		504EFA45DB37E4F94209F668 /* Frameworks */ = {
			isa = PBXGroup;
			children = (
				5EAE05D3482FEC78ED22E115 /* Pods_FindYoFroYo.framework */,
			);
			name = Frameworks;
			sourceTree = "<group>";
		};
		C26D6D6F97097D60C25B4951 /* Pods */ = {
			isa = PBXGroup;
			children = (
				4EF227E90F3EB0EB80DC8C53 /* Pods-FindYoFroYo.debug.xcconfig */,
				54EAB18F39A9D2D497FBC82D /* Pods-FindYoFroYo.release.xcconfig */,
			);
			name = Pods;
			sourceTree = "<group>";
		};
/* End PBXGroup section */

/* Begin PBXNativeTarget section */
		4D2577D61D8AF7C300B9D97F /* FindYoFroYo */ = {
			isa = PBXNativeTarget;
			buildConfigurationList = 4D2577ED1D8AF7C300B9D97F /* Build configuration list for PBXNativeTarget "FindYoFroYo" */;
			buildPhases = (
				9F4C62E345D618E684AAC110 /* [CP] Check Pods Manifest.lock */,
				4D2577D31D8AF7C300B9D97F /* Sources */,
				4D2577D41D8AF7C300B9D97F /* Frameworks */,
				4D2577D51D8AF7C300B9D97F /* Resources */,
				6F95A95954C667F30707277B /* [CP] Embed Pods Frameworks */,
				234C5DD4BB9ED6F3CFB68996 /* [CP] Copy Pods Resources */,
			);
			buildRules = (
			);
			dependencies = (
			);
			name = FindYoFroYo;
			productName = FindYoFroYo;
			productReference = 4D2577D71D8AF7C300B9D97F /* FindYoFroYo.app */;
			productType = "com.apple.product-type.application";
		};
/* End PBXNativeTarget section */

/* Begin PBXProject section */
		4D2577CF1D8AF7C300B9D97F /* Project object */ = {
			isa = PBXProject;
			attributes = {
				LastSwiftUpdateCheck = 0730;
				LastUpgradeCheck = 0730;
				ORGANIZATIONNAME = ElliScharlin;
				TargetAttributes = {
					4D2577D61D8AF7C300B9D97F = {
						CreatedOnToolsVersion = 7.3.1;
					};
				};
			};
			buildConfigurationList = 4D2577D21D8AF7C300B9D97F /* Build configuration list for PBXProject "FindYoFroYo" */;
			compatibilityVersion = "Xcode 3.2";
			developmentRegion = English;
			hasScannedForEncodings = 0;
			knownRegions = (
				en,
				Base,
			);
			mainGroup = 4D2577CE1D8AF7C300B9D97F;
			productRefGroup = 4D2577D81D8AF7C300B9D97F /* Products */;
			projectDirPath = "";
			projectRoot = "";
			targets = (
				4D2577D61D8AF7C300B9D97F /* FindYoFroYo */,
			);
		};
/* End PBXProject section */

/* Begin PBXResourcesBuildPhase section */
		4D2577D51D8AF7C300B9D97F /* Resources */ = {
			isa = PBXResourcesBuildPhase;
			buildActionMask = 2147483647;
			files = (
				4D2577E91D8AF7C300B9D97F /* LaunchScreen.storyboard in Resources */,
				4D2577E61D8AF7C300B9D97F /* Assets.xcassets in Resources */,
				4D2577E41D8AF7C300B9D97F /* Main.storyboard in Resources */,
			);
			runOnlyForDeploymentPostprocessing = 0;
		};
/* End PBXResourcesBuildPhase section */

/* Begin PBXShellScriptBuildPhase section */
		234C5DD4BB9ED6F3CFB68996 /* [CP] Copy Pods Resources */ = {
			isa = PBXShellScriptBuildPhase;
			buildActionMask = 2147483647;
			files = (
			);
			inputPaths = (
			);
			name = "[CP] Copy Pods Resources";
			outputPaths = (
			);
			runOnlyForDeploymentPostprocessing = 0;
			shellPath = /bin/sh;
			shellScript = "\"${SRCROOT}/Pods/Target Support Files/Pods-FindYoFroYo/Pods-FindYoFroYo-resources.sh\"\n";
			showEnvVarsInLog = 0;
		};
		6F95A95954C667F30707277B /* [CP] Embed Pods Frameworks */ = {
			isa = PBXShellScriptBuildPhase;
			buildActionMask = 2147483647;
			files = (
			);
			inputPaths = (
			);
			name = "[CP] Embed Pods Frameworks";
			outputPaths = (
			);
			runOnlyForDeploymentPostprocessing = 0;
			shellPath = /bin/sh;
			shellScript = "\"${SRCROOT}/Pods/Target Support Files/Pods-FindYoFroYo/Pods-FindYoFroYo-frameworks.sh\"\n";
			showEnvVarsInLog = 0;
		};
		9F4C62E345D618E684AAC110 /* [CP] Check Pods Manifest.lock */ = {
			isa = PBXShellScriptBuildPhase;
			buildActionMask = 2147483647;
			files = (
			);
			inputPaths = (
			);
			name = "[CP] Check Pods Manifest.lock";
			outputPaths = (
			);
			runOnlyForDeploymentPostprocessing = 0;
			shellPath = /bin/sh;
			shellScript = "diff \"${PODS_ROOT}/../Podfile.lock\" \"${PODS_ROOT}/Manifest.lock\" > /dev/null\nif [[ $? != 0 ]] ; then\n    cat << EOM\nerror: The sandbox is not in sync with the Podfile.lock. Run 'pod install' or update your CocoaPods installation.\nEOM\n    exit 1\nfi\n";
			showEnvVarsInLog = 0;
		};
/* End PBXShellScriptBuildPhase section */

/* Begin PBXSourcesBuildPhase section */
		4D2577D31D8AF7C300B9D97F /* Sources */ = {
			isa = PBXSourcesBuildPhase;
			buildActionMask = 2147483647;
			files = (
				4D2577F51D8C1C7800B9D97F /* FSDataStore.swift in Sources */,
				4D2577DD1D8AF7C300B9D97F /* RootViewController.swift in Sources */,
				4D2577F11D8AF9E300B9D97F /* testfile.swift in Sources */,
				4D2577E11D8AF7C300B9D97F /* ModelController.swift in Sources */,
				4D2577DF1D8AF7C300B9D97F /* DataViewController.swift in Sources */,
				4D2577F31D8C1A3A00B9D97F /* FSAPIClient.swift in Sources */,
				4D2577F71D8C1C9E00B9D97F /* FSFroyoData.swift in Sources */,
				4D2577DB1D8AF7C300B9D97F /* AppDelegate.swift in Sources */,
			);
			runOnlyForDeploymentPostprocessing = 0;
		};
/* End PBXSourcesBuildPhase section */

/* Begin PBXVariantGroup section */
		4D2577E21D8AF7C300B9D97F /* Main.storyboard */ = {
			isa = PBXVariantGroup;
			children = (
				4D2577E31D8AF7C300B9D97F /* Base */,
			);
			name = Main.storyboard;
			sourceTree = "<group>";
		};
		4D2577E71D8AF7C300B9D97F /* LaunchScreen.storyboard */ = {
			isa = PBXVariantGroup;
			children = (
				4D2577E81D8AF7C300B9D97F /* Base */,
			);
			name = LaunchScreen.storyboard;
			sourceTree = "<group>";
		};
/* End PBXVariantGroup section */

/* Begin XCBuildConfiguration section */
		4D2577EB1D8AF7C300B9D97F /* Debug */ = {
			isa = XCBuildConfiguration;
			buildSettings = {
				ALWAYS_SEARCH_USER_PATHS = NO;
				CLANG_ANALYZER_NONNULL = YES;
				CLANG_CXX_LANGUAGE_STANDARD = "gnu++0x";
				CLANG_CXX_LIBRARY = "libc++";
				CLANG_ENABLE_MODULES = YES;
				CLANG_ENABLE_OBJC_ARC = YES;
				CLANG_WARN_BOOL_CONVERSION = YES;
				CLANG_WARN_CONSTANT_CONVERSION = YES;
				CLANG_WARN_DIRECT_OBJC_ISA_USAGE = YES_ERROR;
				CLANG_WARN_EMPTY_BODY = YES;
				CLANG_WARN_ENUM_CONVERSION = YES;
				CLANG_WARN_INT_CONVERSION = YES;
				CLANG_WARN_OBJC_ROOT_CLASS = YES_ERROR;
				CLANG_WARN_UNREACHABLE_CODE = YES;
				CLANG_WARN__DUPLICATE_METHOD_MATCH = YES;
				"CODE_SIGN_IDENTITY[sdk=iphoneos*]" = "iPhone Developer";
				COPY_PHASE_STRIP = NO;
				DEBUG_INFORMATION_FORMAT = dwarf;
				ENABLE_STRICT_OBJC_MSGSEND = YES;
				ENABLE_TESTABILITY = YES;
				GCC_C_LANGUAGE_STANDARD = gnu99;
				GCC_DYNAMIC_NO_PIC = NO;
				GCC_NO_COMMON_BLOCKS = YES;
				GCC_OPTIMIZATION_LEVEL = 0;
				GCC_PREPROCESSOR_DEFINITIONS = (
					"DEBUG=1",
					"$(inherited)",
				);
				GCC_WARN_64_TO_32_BIT_CONVERSION = YES;
				GCC_WARN_ABOUT_RETURN_TYPE = YES_ERROR;
				GCC_WARN_UNDECLARED_SELECTOR = YES;
				GCC_WARN_UNINITIALIZED_AUTOS = YES_AGGRESSIVE;
				GCC_WARN_UNUSED_FUNCTION = YES;
				GCC_WARN_UNUSED_VARIABLE = YES;
				IPHONEOS_DEPLOYMENT_TARGET = 9.3;
				MTL_ENABLE_DEBUG_INFO = YES;
				ONLY_ACTIVE_ARCH = YES;
				SDKROOT = iphoneos;
				SWIFT_OPTIMIZATION_LEVEL = "-Onone";
			};
			name = Debug;
		};
		4D2577EC1D8AF7C300B9D97F /* Release */ = {
			isa = XCBuildConfiguration;
			buildSettings = {
				ALWAYS_SEARCH_USER_PATHS = NO;
				CLANG_ANALYZER_NONNULL = YES;
				CLANG_CXX_LANGUAGE_STANDARD = "gnu++0x";
				CLANG_CXX_LIBRARY = "libc++";
				CLANG_ENABLE_MODULES = YES;
				CLANG_ENABLE_OBJC_ARC = YES;
				CLANG_WARN_BOOL_CONVERSION = YES;
				CLANG_WARN_CONSTANT_CONVERSION = YES;
				CLANG_WARN_DIRECT_OBJC_ISA_USAGE = YES_ERROR;
				CLANG_WARN_EMPTY_BODY = YES;
				CLANG_WARN_ENUM_CONVERSION = YES;
				CLANG_WARN_INT_CONVERSION = YES;
				CLANG_WARN_OBJC_ROOT_CLASS = YES_ERROR;
				CLANG_WARN_UNREACHABLE_CODE = YES;
				CLANG_WARN__DUPLICATE_METHOD_MATCH = YES;
				"CODE_SIGN_IDENTITY[sdk=iphoneos*]" = "iPhone Developer";
				COPY_PHASE_STRIP = NO;
				DEBUG_INFORMATION_FORMAT = "dwarf-with-dsym";
				ENABLE_NS_ASSERTIONS = NO;
				ENABLE_STRICT_OBJC_MSGSEND = YES;
				GCC_C_LANGUAGE_STANDARD = gnu99;
				GCC_NO_COMMON_BLOCKS = YES;
				GCC_WARN_64_TO_32_BIT_CONVERSION = YES;
				GCC_WARN_ABOUT_RETURN_TYPE = YES_ERROR;
				GCC_WARN_UNDECLARED_SELECTOR = YES;
				GCC_WARN_UNINITIALIZED_AUTOS = YES_AGGRESSIVE;
				GCC_WARN_UNUSED_FUNCTION = YES;
				GCC_WARN_UNUSED_VARIABLE = YES;
				IPHONEOS_DEPLOYMENT_TARGET = 9.3;
				MTL_ENABLE_DEBUG_INFO = NO;
				SDKROOT = iphoneos;
				VALIDATE_PRODUCT = YES;
			};
			name = Release;
		};
		4D2577EE1D8AF7C300B9D97F /* Debug */ = {
			isa = XCBuildConfiguration;
			baseConfigurationReference = 4EF227E90F3EB0EB80DC8C53 /* Pods-FindYoFroYo.debug.xcconfig */;
			buildSettings = {
				ASSETCATALOG_COMPILER_APPICON_NAME = AppIcon;
				INFOPLIST_FILE = FindYoFroYo/Info.plist;
				LD_RUNPATH_SEARCH_PATHS = "$(inherited) @executable_path/Frameworks";
				PRODUCT_BUNDLE_IDENTIFIER = ElliScharlin.FindYoFroYo;
				PRODUCT_NAME = "$(TARGET_NAME)";
			};
			name = Debug;
		};
		4D2577EF1D8AF7C300B9D97F /* Release */ = {
			isa = XCBuildConfiguration;
			baseConfigurationReference = 54EAB18F39A9D2D497FBC82D /* Pods-FindYoFroYo.release.xcconfig */;
			buildSettings = {
				ASSETCATALOG_COMPILER_APPICON_NAME = AppIcon;
				INFOPLIST_FILE = FindYoFroYo/Info.plist;
				LD_RUNPATH_SEARCH_PATHS = "$(inherited) @executable_path/Frameworks";
				PRODUCT_BUNDLE_IDENTIFIER = ElliScharlin.FindYoFroYo;
				PRODUCT_NAME = "$(TARGET_NAME)";
			};
			name = Release;
		};
/* End XCBuildConfiguration section */

/* Begin XCConfigurationList section */
		4D2577D21D8AF7C300B9D97F /* Build configuration list for PBXProject "FindYoFroYo" */ = {
			isa = XCConfigurationList;
			buildConfigurations = (
				4D2577EB1D8AF7C300B9D97F /* Debug */,
				4D2577EC1D8AF7C300B9D97F /* Release */,
			);
			defaultConfigurationIsVisible = 0;
			defaultConfigurationName = Release;
		};
		4D2577ED1D8AF7C300B9D97F /* Build configuration list for PBXNativeTarget "FindYoFroYo" */ = {
			isa = XCConfigurationList;
			buildConfigurations = (
				4D2577EE1D8AF7C300B9D97F /* Debug */,
				4D2577EF1D8AF7C300B9D97F /* Release */,
			);
			defaultConfigurationIsVisible = 0;
			defaultConfigurationName = Release;
		};
/* End XCConfigurationList section */
	};
	rootObject = 4D2577CF1D8AF7C300B9D97F /* Project object */;
}
